{
  "name": "emittery-testing",
  "version": "1.0.0",
  "lockfileVersion": 3,
  "requires": true,
  "packages": {
    "": {
      "name": "emittery-testing",
      "version": "1.0.0",
      "license": "MIT",
      "dependencies": {
        "emittery": "^1.0.1"
      }
    },
    "node_modules/emittery": {
      "version": "1.0.1",
      "resolved": "https://registry.npmjs.org/emittery/-/emittery-1.0.1.tgz",
      "integrity": "sha512-2ID6FdrMD9KDLldGesP6317G78K7km/kMcwItRtVFva7I/cSEOIaLpewaUb+YLXVwdAp3Ctfxh/V5zIl1sj7dQ==",
      "engines": {
        "node": ">=14.16"
      },
      "funding": {
        "url": "https://github.com/sindresorhus/emittery?sponsor=1"
      }
    }
  }
}
